// !$*UTF8*$!
{
	archiveVersion = 1;
	classes = {
	};
	objectVersion = 48;
	objects = {

/* Begin PBXBuildFile section */
		4EBBBC442027A8D300C98F76 /* AppDelegate.swift in Sources */ = {isa = PBXBuildFile; fileRef = 4EBBBC432027A8D300C98F76 /* AppDelegate.swift */; };
		4EBBBC462027A8D300C98F76 /* ViewController.swift in Sources */ = {isa = PBXBuildFile; fileRef = 4EBBBC452027A8D300C98F76 /* ViewController.swift */; };
		4EBBBC492027A8D300C98F76 /* Main.storyboard in Resources */ = {isa = PBXBuildFile; fileRef = 4EBBBC472027A8D300C98F76 /* Main.storyboard */; };
		4EBBBC4B2027A8D300C98F76 /* Assets.xcassets in Resources */ = {isa = PBXBuildFile; fileRef = 4EBBBC4A2027A8D300C98F76 /* Assets.xcassets */; };
		4EBBBC4E2027A8D300C98F76 /* LaunchScreen.storyboard in Resources */ = {isa = PBXBuildFile; fileRef = 4EBBBC4C2027A8D300C98F76 /* LaunchScreen.storyboard */; };
/* End PBXBuildFile section */

/* Begin PBXFileReference section */
		4EBBBC402027A8D300C98F76 /* ModernPushNotifications.app */ = {isa = PBXFileReference; explicitFileType = wrapper.application; includeInIndex = 0; path = ModernPushNotifications.app; sourceTree = BUILT_PRODUCTS_DIR; };
		4EBBBC432027A8D300C98F76 /* AppDelegate.swift */ = {isa = PBXFileReference; lastKnownFileType = sourcecode.swift; path = AppDelegate.swift; sourceTree = "<group>"; };
		4EBBBC452027A8D300C98F76 /* ViewController.swift */ = {isa = PBXFileReference; lastKnownFileType = sourcecode.swift; path = ViewController.swift; sourceTree = "<group>"; };
		4EBBBC482027A8D300C98F76 /* Base */ = {isa = PBXFileReference; lastKnownFileType = file.storyboard; name = Base; path = Base.lproj/Main.storyboard; sourceTree = "<group>"; };
		4EBBBC4A2027A8D300C98F76 /* Assets.xcassets */ = {isa = PBXFileReference; lastKnownFileType = folder.assetcatalog; path = Assets.xcassets; sourceTree = "<group>"; };
		4EBBBC4D2027A8D300C98F76 /* Base */ = {isa = PBXFileReference; lastKnownFileType = file.storyboard; name = Base; path = Base.lproj/LaunchScreen.storyboard; sourceTree = "<group>"; };
		4EBBBC4F2027A8D300C98F76 /* Info.plist */ = {isa = PBXFileReference; lastKnownFileType = text.plist.xml; path = Info.plist; sourceTree = "<group>"; };
/* End PBXFileReference section */

/* Begin PBXFrameworksBuildPhase section */
		4EBBBC3D2027A8D300C98F76 /* Frameworks */ = {
			isa = PBXFrameworksBuildPhase;
			buildActionMask = 2147483647;
			files = (
			);
			runOnlyForDeploymentPostprocessing = 0;
		};
/* End PBXFrameworksBuildPhase section */

/* Begin PBXGroup section */
		4EBBBC372027A8D300C98F76 = {
			isa = PBXGroup;
			children = (
				4EBBBC422027A8D300C98F76 /* ModernPushNotifications */,
				4EBBBC412027A8D300C98F76 /* Products */,
			);
			sourceTree = "<group>";
		};
		4EBBBC412027A8D300C98F76 /* Products */ = {
			isa = PBXGroup;
			children = (
				4EBBBC402027A8D300C98F76 /* ModernPushNotifications.app */,
			);
			name = Products;
			sourceTree = "<group>";
		};
		4EBBBC422027A8D300C98F76 /* ModernPushNotifications */ = {
			isa = PBXGroup;
			children = (
				4EBBBC432027A8D300C98F76 /* AppDelegate.swift */,
				4EBBBC452027A8D300C98F76 /* ViewController.swift */,
				4EBBBC472027A8D300C98F76 /* Main.storyboard */,
				4EBBBC4A2027A8D300C98F76 /* Assets.xcassets */,
				4EBBBC4C2027A8D300C98F76 /* LaunchScreen.storyboard */,
				4EBBBC4F2027A8D300C98F76 /* Info.plist */,
			);
			path = ModernPushNotifications;
			sourceTree = "<group>";
		};
/* End PBXGroup section */

/* Begin PBXNativeTarget section */
		4EBBBC3F2027A8D300C98F76 /* ModernPushNotifications */ = {
			isa = PBXNativeTarget;
			buildConfigurationList = 4EBBBC522027A8D300C98F76 /* Build configuration list for PBXNativeTarget "ModernPushNotifications" */;
			buildPhases = (
				4EBBBC3C2027A8D300C98F76 /* Sources */,
				4EBBBC3D2027A8D300C98F76 /* Frameworks */,
				4EBBBC3E2027A8D300C98F76 /* Resources */,
			);
			buildRules = (
			);
			dependencies = (
			);
			name = ModernPushNotifications;
			productName = ModernPushNotifications;
			productReference = 4EBBBC402027A8D300C98F76 /* ModernPushNotifications.app */;
			productType = "com.apple.product-type.application";
		};
/* End PBXNativeTarget section */

/* Begin PBXProject section */
		4EBBBC382027A8D300C98F76 /* Project object */ = {
			isa = PBXProject;
			attributes = {
				LastSwiftUpdateCheck = 0910;
				LastUpgradeCheck = 0910;
				ORGANIZATIONNAME = ThoughtSeize;
				TargetAttributes = {
					4EBBBC3F2027A8D300C98F76 = {
						CreatedOnToolsVersion = 9.1;
						ProvisioningStyle = Automatic;
					};
				};
			};
			buildConfigurationList = 4EBBBC3B2027A8D300C98F76 /* Build configuration list for PBXProject "ModernPushNotifications" */;
			compatibilityVersion = "Xcode 8.0";
			developmentRegion = en;
			hasScannedForEncodings = 0;
			knownRegions = (
				en,
				Base,
			);
			mainGroup = 4EBBBC372027A8D300C98F76;
			productRefGroup = 4EBBBC412027A8D300C98F76 /* Products */;
			projectDirPath = "";
			projectRoot = "";
			targets = (
				4EBBBC3F2027A8D300C98F76 /* ModernPushNotifications */,
			);
		};
/* End PBXProject section */

/* Begin PBXResourcesBuildPhase section */
		4EBBBC3E2027A8D300C98F76 /* Resources */ = {
			isa = PBXResourcesBuildPhase;
			buildActionMask = 2147483647;
			files = (
				4EBBBC4E2027A8D300C98F76 /* LaunchScreen.storyboard in Resources */,
				4EBBBC4B2027A8D300C98F76 /* Assets.xcassets in Resources */,
				4EBBBC492027A8D300C98F76 /* Main.storyboard in Resources */,
			);
			runOnlyForDeploymentPostprocessing = 0;
		};
/* End PBXResourcesBuildPhase section */

/* Begin PBXSourcesBuildPhase section */
		4EBBBC3C2027A8D300C98F76 /* Sources */ = {
			isa = PBXSourcesBuildPhase;
			buildActionMask = 2147483647;
			files = (
				4EBBBC462027A8D300C98F76 /* ViewController.swift in Sources */,
				4EBBBC442027A8D300C98F76 /* AppDelegate.swift in Sources */,
			);
			runOnlyForDeploymentPostprocessing = 0;
		};
/* End PBXSourcesBuildPhase section */

/* Begin PBXVariantGroup section */
		4EBBBC472027A8D300C98F76 /* Main.storyboard */ = {
			isa = PBXVariantGroup;
			children = (
				4EBBBC482027A8D300C98F76 /* Base */,
			);
			name = Main.storyboard;
			sourceTree = "<group>";
		};
		4EBBBC4C2027A8D300C98F76 /* LaunchScreen.storyboard */ = {
			isa = PBXVariantGroup;
			children = (
				4EBBBC4D2027A8D300C98F76 /* Base */,
			);
			name = LaunchScreen.storyboard;
			sourceTree = "<group>";
		};
/* End PBXVariantGroup section */

/* Begin XCBuildConfiguration section */
		4EBBBC502027A8D300C98F76 /* Debug */ = {
			isa = XCBuildConfiguration;
			buildSettings = {
				ALWAYS_SEARCH_USER_PATHS = NO;
				CLANG_ANALYZER_NONNULL = YES;
				CLANG_ANALYZER_NUMBER_OBJECT_CONVERSION = YES_AGGRESSIVE;
				CLANG_CXX_LANGUAGE_STANDARD = "gnu++14";
				CLANG_CXX_LIBRARY = "libc++";
				CLANG_ENABLE_MODULES = YES;
				CLANG_ENABLE_OBJC_ARC = YES;
				CLANG_WARN_BLOCK_CAPTURE_AUTORELEASING = YES;
				CLANG_WARN_BOOL_CONVERSION = YES;
				CLANG_WARN_COMMA = YES;
				CLANG_WARN_CONSTANT_CONVERSION = YES;
				CLANG_WARN_DIRECT_OBJC_ISA_USAGE = YES_ERROR;
				CLANG_WARN_DOCUMENTATION_COMMENTS = YES;
				CLANG_WARN_EMPTY_BODY = YES;
				CLANG_WARN_ENUM_CONVERSION = YES;
				CLANG_WARN_INFINITE_RECURSION = YES;
				CLANG_WARN_INT_CONVERSION = YES;
				CLANG_WARN_NON_LITERAL_NULL_CONVERSION = YES;
				CLANG_WARN_OBJC_LITERAL_CONVERSION = YES;
				CLANG_WARN_OBJC_ROOT_CLASS = YES_ERROR;
				CLANG_WARN_RANGE_LOOP_ANALYSIS = YES;
				CLANG_WARN_STRICT_PROTOTYPES = YES;
				CLANG_WARN_SUSPICIOUS_MOVE = YES;
				CLANG_WARN_UNGUARDED_AVAILABILITY = YES_AGGRESSIVE;
				CLANG_WARN_UNREACHABLE_CODE = YES;
				CLANG_WARN__DUPLICATE_METHOD_MATCH = YES;
				CODE_SIGN_IDENTITY = "iPhone Developer";
				COPY_PHASE_STRIP = NO;
				DEBUG_INFORMATION_FORMAT = dwarf;
				ENABLE_STRICT_OBJC_MSGSEND = YES;
				ENABLE_TESTABILITY = YES;
				GCC_C_LANGUAGE_STANDARD = gnu11;
				GCC_DYNAMIC_NO_PIC = NO;
				GCC_NO_COMMON_BLOCKS = YES;
				GCC_OPTIMIZATION_LEVEL = 0;
				GCC_PREPROCESSOR_DEFINITIONS = (
					"DEBUG=1",
					"$(inherited)",
				);
				GCC_WARN_64_TO_32_BIT_CONVERSION = YES;
				GCC_WARN_ABOUT_RETURN_TYPE = YES_ERROR;
				GCC_WARN_UNDECLARED_SELECTOR = YES;
				GCC_WARN_UNINITIALIZED_AUTOS = YES_AGGRESSIVE;
				GCC_WARN_UNUSED_FUNCTION = YES;
				GCC_WARN_UNUSED_VARIABLE = YES;
				IPHONEOS_DEPLOYMENT_TARGET = 11.1;
				MTL_ENABLE_DEBUG_INFO = YES;
				ONLY_ACTIVE_ARCH = YES;
				SDKROOT = iphoneos;
				SWIFT_ACTIVE_COMPILATION_CONDITIONS = DEBUG;
				SWIFT_OPTIMIZATION_LEVEL = "-Onone";
			};
			name = Debug;
		};
		4EBBBC512027A8D300C98F76 /* Release */ = {
			isa = XCBuildConfiguration;
			buildSettings = {
				ALWAYS_SEARCH_USER_PATHS = NO;
				CLANG_ANALYZER_NONNULL = YES;
				CLANG_ANALYZER_NUMBER_OBJECT_CONVERSION = YES_AGGRESSIVE;
				CLANG_CXX_LANGUAGE_STANDARD = "gnu++14";
				CLANG_CXX_LIBRARY = "libc++";
				CLANG_ENABLE_MODULES = YES;
				CLANG_ENABLE_OBJC_ARC = YES;
				CLANG_WARN_BLOCK_CAPTURE_AUTORELEASING = YES;
				CLANG_WARN_BOOL_CONVERSION = YES;
				CLANG_WARN_COMMA = YES;
				CLANG_WARN_CONSTANT_CONVERSION = YES;
				CLANG_WARN_DIRECT_OBJC_ISA_USAGE = YES_ERROR;
				CLANG_WARN_DOCUMENTATION_COMMENTS = YES;
				CLANG_WARN_EMPTY_BODY = YES;
				CLANG_WARN_ENUM_CONVERSION = YES;
				CLANG_WARN_INFINITE_RECURSION = YES;
				CLANG_WARN_INT_CONVERSION = YES;
				CLANG_WARN_NON_LITERAL_NULL_CONVERSION = YES;
				CLANG_WARN_OBJC_LITERAL_CONVERSION = YES;
				CLANG_WARN_OBJC_ROOT_CLASS = YES_ERROR;
				CLANG_WARN_RANGE_LOOP_ANALYSIS = YES;
				CLANG_WARN_STRICT_PROTOTYPES = YES;
				CLANG_WARN_SUSPICIOUS_MOVE = YES;
				CLANG_WARN_UNGUARDED_AVAILABILITY = YES_AGGRESSIVE;
				CLANG_WARN_UNREACHABLE_CODE = YES;
				CLANG_WARN__DUPLICATE_METHOD_MATCH = YES;
				CODE_SIGN_IDENTITY = "iPhone Developer";
				COPY_PHASE_STRIP = NO;
				DEBUG_INFORMATION_FORMAT = "dwarf-with-dsym";
				ENABLE_NS_ASSERTIONS = NO;
				ENABLE_STRICT_OBJC_MSGSEND = YES;
				GCC_C_LANGUAGE_STANDARD = gnu11;
				GCC_NO_COMMON_BLOCKS = YES;
				GCC_WARN_64_TO_32_BIT_CONVERSION = YES;
				GCC_WARN_ABOUT_RETURN_TYPE = YES_ERROR;
				GCC_WARN_UNDECLARED_SELECTOR = YES;
				GCC_WARN_UNINITIALIZED_AUTOS = YES_AGGRESSIVE;
				GCC_WARN_UNUSED_FUNCTION = YES;
				GCC_WARN_UNUSED_VARIABLE = YES;
				IPHONEOS_DEPLOYMENT_TARGET = 11.1;
				MTL_ENABLE_DEBUG_INFO = NO;
				SDKROOT = iphoneos;
				SWIFT_OPTIMIZATION_LEVEL = "-Owholemodule";
				VALIDATE_PRODUCT = YES;
			};
			name = Release;
		};
		4EBBBC532027A8D300C98F76 /* Debug */ = {
			isa = XCBuildConfiguration;
			buildSettings = {
				ASSETCATALOG_COMPILER_APPICON_NAME = AppIcon;
				CODE_SIGN_STYLE = Automatic;
				DEVELOPMENT_TEAM = VZBY3CL334;
				INFOPLIST_FILE = ModernPushNotifications/Info.plist;
				LD_RUNPATH_SEARCH_PATHS = "$(inherited) @executable_path/Frameworks";
				PRODUCT_BUNDLE_IDENTIFIER = com.thoughtseize.ModernPushNotifications;
				PRODUCT_NAME = "$(TARGET_NAME)";
				SWIFT_VERSION = 4.0;
				TARGETED_DEVICE_FAMILY = "1,2";
			};
			name = Debug;
		};
		4EBBBC542027A8D300C98F76 /* Release */ = {
			isa = XCBuildConfiguration;
			buildSettings = {
				ASSETCATALOG_COMPILER_APPICON_NAME = AppIcon;
				CODE_SIGN_STYLE = Automatic;
				DEVELOPMENT_TEAM = VZBY3CL334;
				INFOPLIST_FILE = ModernPushNotifications/Info.plist;
				LD_RUNPATH_SEARCH_PATHS = "$(inherited) @executable_path/Frameworks";
				PRODUCT_BUNDLE_IDENTIFIER = com.thoughtseize.ModernPushNotifications;
				PRODUCT_NAME = "$(TARGET_NAME)";
				SWIFT_VERSION = 4.0;
				TARGETED_DEVICE_FAMILY = "1,2";
			};
			name = Release;
		};
/* End XCBuildConfiguration section */

/* Begin XCConfigurationList section */
		4EBBBC3B2027A8D300C98F76 /* Build configuration list for PBXProject "ModernPushNotifications" */ = {
			isa = XCConfigurationList;
			buildConfigurations = (
				4EBBBC502027A8D300C98F76 /* Debug */,
				4EBBBC512027A8D300C98F76 /* Release */,
			);
			defaultConfigurationIsVisible = 0;
			defaultConfigurationName = Release;
		};
		4EBBBC522027A8D300C98F76 /* Build configuration list for PBXNativeTarget "ModernPushNotifications" */ = {
			isa = XCConfigurationList;
			buildConfigurations = (
				4EBBBC532027A8D300C98F76 /* Debug */,
				4EBBBC542027A8D300C98F76 /* Release */,
			);
			defaultConfigurationIsVisible = 0;
			defaultConfigurationName = Release;
		};
/* End XCConfigurationList section */
	};
	rootObject = 4EBBBC382027A8D300C98F76 /* Project object */;
}
