// !$*UTF8*$!
{
	archiveVersion = 1;
	classes = {
	};
	objectVersion = 48;
	objects = {

/* Begin PBXBuildFile section */
		C0166EE22021127000A36A2D /* AppDelegate.swift in Sources */ = {isa = PBXBuildFile; fileRef = C0166EE12021127000A36A2D /* AppDelegate.swift */; };
		C0166EE42021127000A36A2D /* ViewController.swift in Sources */ = {isa = PBXBuildFile; fileRef = C0166EE32021127000A36A2D /* ViewController.swift */; };
		C0166EE72021127000A36A2D /* Main.storyboard in Resources */ = {isa = PBXBuildFile; fileRef = C0166EE52021127000A36A2D /* Main.storyboard */; };
		C0166EE92021127000A36A2D /* Assets.xcassets in Resources */ = {isa = PBXBuildFile; fileRef = C0166EE82021127000A36A2D /* Assets.xcassets */; };
		C0166EEC2021127000A36A2D /* LaunchScreen.storyboard in Resources */ = {isa = PBXBuildFile; fileRef = C0166EEA2021127000A36A2D /* LaunchScreen.storyboard */; };
		C0166EF520220EBE00A36A2D /* ServiceManager.swift in Sources */ = {isa = PBXBuildFile; fileRef = C0166EF420220EBE00A36A2D /* ServiceManager.swift */; };
		C0166EF720220ECB00A36A2D /* Router.swift in Sources */ = {isa = PBXBuildFile; fileRef = C0166EF620220ECB00A36A2D /* Router.swift */; };
		C0166EF9202213DE00A36A2D /* ServiceManagerResult.swift in Sources */ = {isa = PBXBuildFile; fileRef = C0166EF8202213DE00A36A2D /* ServiceManagerResult.swift */; };
		C0166EFB2022182700A36A2D /* UserModel.swift in Sources */ = {isa = PBXBuildFile; fileRef = C0166EFA2022182700A36A2D /* UserModel.swift */; };
/* End PBXBuildFile section */

/* Begin PBXFileReference section */
		C0166EDE2021127000A36A2D /* ServiceLayer.app */ = {isa = PBXFileReference; explicitFileType = wrapper.application; includeInIndex = 0; path = ServiceLayer.app; sourceTree = BUILT_PRODUCTS_DIR; };
		C0166EE12021127000A36A2D /* AppDelegate.swift */ = {isa = PBXFileReference; lastKnownFileType = sourcecode.swift; path = AppDelegate.swift; sourceTree = "<group>"; };
		C0166EE32021127000A36A2D /* ViewController.swift */ = {isa = PBXFileReference; lastKnownFileType = sourcecode.swift; path = ViewController.swift; sourceTree = "<group>"; };
		C0166EE62021127000A36A2D /* Base */ = {isa = PBXFileReference; lastKnownFileType = file.storyboard; name = Base; path = Base.lproj/Main.storyboard; sourceTree = "<group>"; };
		C0166EE82021127000A36A2D /* Assets.xcassets */ = {isa = PBXFileReference; lastKnownFileType = folder.assetcatalog; path = Assets.xcassets; sourceTree = "<group>"; };
		C0166EEB2021127000A36A2D /* Base */ = {isa = PBXFileReference; lastKnownFileType = file.storyboard; name = Base; path = Base.lproj/LaunchScreen.storyboard; sourceTree = "<group>"; };
		C0166EED2021127000A36A2D /* Info.plist */ = {isa = PBXFileReference; lastKnownFileType = text.plist.xml; path = Info.plist; sourceTree = "<group>"; };
		C0166EF420220EBE00A36A2D /* ServiceManager.swift */ = {isa = PBXFileReference; lastKnownFileType = sourcecode.swift; path = ServiceManager.swift; sourceTree = "<group>"; };
		C0166EF620220ECB00A36A2D /* Router.swift */ = {isa = PBXFileReference; lastKnownFileType = sourcecode.swift; path = Router.swift; sourceTree = "<group>"; };
		C0166EF8202213DE00A36A2D /* ServiceManagerResult.swift */ = {isa = PBXFileReference; lastKnownFileType = sourcecode.swift; path = ServiceManagerResult.swift; sourceTree = "<group>"; };
		C0166EFA2022182700A36A2D /* UserModel.swift */ = {isa = PBXFileReference; lastKnownFileType = sourcecode.swift; path = UserModel.swift; sourceTree = "<group>"; };
/* End PBXFileReference section */

/* Begin PBXFrameworksBuildPhase section */
		C0166EDB2021127000A36A2D /* Frameworks */ = {
			isa = PBXFrameworksBuildPhase;
			buildActionMask = 2147483647;
			files = (
			);
			runOnlyForDeploymentPostprocessing = 0;
		};
/* End PBXFrameworksBuildPhase section */

/* Begin PBXGroup section */
		C0166ED52021127000A36A2D = {
			isa = PBXGroup;
			children = (
				C0166EE02021127000A36A2D /* ServiceLayer */,
				C0166EDF2021127000A36A2D /* Products */,
			);
			sourceTree = "<group>";
		};
		C0166EDF2021127000A36A2D /* Products */ = {
			isa = PBXGroup;
			children = (
				C0166EDE2021127000A36A2D /* ServiceLayer.app */,
			);
			name = Products;
			sourceTree = "<group>";
		};
		C0166EE02021127000A36A2D /* ServiceLayer */ = {
			isa = PBXGroup;
			children = (
				C0166EF320220EAE00A36A2D /* ServiceManager */,
				C0166EE12021127000A36A2D /* AppDelegate.swift */,
				C0166EE32021127000A36A2D /* ViewController.swift */,
				C0166EE52021127000A36A2D /* Main.storyboard */,
				C0166EE82021127000A36A2D /* Assets.xcassets */,
				C0166EEA2021127000A36A2D /* LaunchScreen.storyboard */,
				C0166EED2021127000A36A2D /* Info.plist */,
			);
			path = ServiceLayer;
			sourceTree = "<group>";
		};
		C0166EF320220EAE00A36A2D /* ServiceManager */ = {
			isa = PBXGroup;
			children = (
				C0166EF420220EBE00A36A2D /* ServiceManager.swift */,
				C0166EF620220ECB00A36A2D /* Router.swift */,
				C0166EF8202213DE00A36A2D /* ServiceManagerResult.swift */,
				C0166EFA2022182700A36A2D /* UserModel.swift */,
			);
			path = ServiceManager;
			sourceTree = "<group>";
		};
/* End PBXGroup section */

/* Begin PBXNativeTarget section */
		C0166EDD2021127000A36A2D /* ServiceLayer */ = {
			isa = PBXNativeTarget;
			buildConfigurationList = C0166EF02021127000A36A2D /* Build configuration list for PBXNativeTarget "ServiceLayer" */;
			buildPhases = (
				C0166EDA2021127000A36A2D /* Sources */,
				C0166EDB2021127000A36A2D /* Frameworks */,
				C0166EDC2021127000A36A2D /* Resources */,
			);
			buildRules = (
			);
			dependencies = (
			);
			name = ServiceLayer;
			productName = ServiceLayer;
			productReference = C0166EDE2021127000A36A2D /* ServiceLayer.app */;
			productType = "com.apple.product-type.application";
		};
/* End PBXNativeTarget section */

/* Begin PBXProject section */
		C0166ED62021127000A36A2D /* Project object */ = {
			isa = PBXProject;
			attributes = {
				LastSwiftUpdateCheck = 0920;
				LastUpgradeCheck = 0920;
				ORGANIZATIONNAME = Test;
				TargetAttributes = {
					C0166EDD2021127000A36A2D = {
						CreatedOnToolsVersion = 9.2;
						ProvisioningStyle = Automatic;
					};
				};
			};
			buildConfigurationList = C0166ED92021127000A36A2D /* Build configuration list for PBXProject "ServiceLayer" */;
			compatibilityVersion = "Xcode 8.0";
			developmentRegion = en;
			hasScannedForEncodings = 0;
			knownRegions = (
				en,
				Base,
			);
			mainGroup = C0166ED52021127000A36A2D;
			productRefGroup = C0166EDF2021127000A36A2D /* Products */;
			projectDirPath = "";
			projectRoot = "";
			targets = (
				C0166EDD2021127000A36A2D /* ServiceLayer */,
			);
		};
/* End PBXProject section */

/* Begin PBXResourcesBuildPhase section */
		C0166EDC2021127000A36A2D /* Resources */ = {
			isa = PBXResourcesBuildPhase;
			buildActionMask = 2147483647;
			files = (
				C0166EEC2021127000A36A2D /* LaunchScreen.storyboard in Resources */,
				C0166EE92021127000A36A2D /* Assets.xcassets in Resources */,
				C0166EE72021127000A36A2D /* Main.storyboard in Resources */,
			);
			runOnlyForDeploymentPostprocessing = 0;
		};
/* End PBXResourcesBuildPhase section */

/* Begin PBXSourcesBuildPhase section */
		C0166EDA2021127000A36A2D /* Sources */ = {
			isa = PBXSourcesBuildPhase;
			buildActionMask = 2147483647;
			files = (
				C0166EF720220ECB00A36A2D /* Router.swift in Sources */,
				C0166EE42021127000A36A2D /* ViewController.swift in Sources */,
				C0166EF9202213DE00A36A2D /* ServiceManagerResult.swift in Sources */,
				C0166EE22021127000A36A2D /* AppDelegate.swift in Sources */,
				C0166EFB2022182700A36A2D /* UserModel.swift in Sources */,
				C0166EF520220EBE00A36A2D /* ServiceManager.swift in Sources */,
			);
			runOnlyForDeploymentPostprocessing = 0;
		};
/* End PBXSourcesBuildPhase section */

/* Begin PBXVariantGroup section */
		C0166EE52021127000A36A2D /* Main.storyboard */ = {
			isa = PBXVariantGroup;
			children = (
				C0166EE62021127000A36A2D /* Base */,
			);
			name = Main.storyboard;
			sourceTree = "<group>";
		};
		C0166EEA2021127000A36A2D /* LaunchScreen.storyboard */ = {
			isa = PBXVariantGroup;
			children = (
				C0166EEB2021127000A36A2D /* Base */,
			);
			name = LaunchScreen.storyboard;
			sourceTree = "<group>";
		};
/* End PBXVariantGroup section */

/* Begin XCBuildConfiguration section */
		C0166EEE2021127000A36A2D /* Debug */ = {
			isa = XCBuildConfiguration;
			buildSettings = {
				ALWAYS_SEARCH_USER_PATHS = NO;
				CLANG_ANALYZER_NONNULL = YES;
				CLANG_ANALYZER_NUMBER_OBJECT_CONVERSION = YES_AGGRESSIVE;
				CLANG_CXX_LANGUAGE_STANDARD = "gnu++14";
				CLANG_CXX_LIBRARY = "libc++";
				CLANG_ENABLE_MODULES = YES;
				CLANG_ENABLE_OBJC_ARC = YES;
				CLANG_WARN_BLOCK_CAPTURE_AUTORELEASING = YES;
				CLANG_WARN_BOOL_CONVERSION = YES;
				CLANG_WARN_COMMA = YES;
				CLANG_WARN_CONSTANT_CONVERSION = YES;
				CLANG_WARN_DIRECT_OBJC_ISA_USAGE = YES_ERROR;
				CLANG_WARN_DOCUMENTATION_COMMENTS = YES;
				CLANG_WARN_EMPTY_BODY = YES;
				CLANG_WARN_ENUM_CONVERSION = YES;
				CLANG_WARN_INFINITE_RECURSION = YES;
				CLANG_WARN_INT_CONVERSION = YES;
				CLANG_WARN_NON_LITERAL_NULL_CONVERSION = YES;
				CLANG_WARN_OBJC_LITERAL_CONVERSION = YES;
				CLANG_WARN_OBJC_ROOT_CLASS = YES_ERROR;
				CLANG_WARN_RANGE_LOOP_ANALYSIS = YES;
				CLANG_WARN_STRICT_PROTOTYPES = YES;
				CLANG_WARN_SUSPICIOUS_MOVE = YES;
				CLANG_WARN_UNGUARDED_AVAILABILITY = YES_AGGRESSIVE;
				CLANG_WARN_UNREACHABLE_CODE = YES;
				CLANG_WARN__DUPLICATE_METHOD_MATCH = YES;
				CODE_SIGN_IDENTITY = "iPhone Developer";
				COPY_PHASE_STRIP = NO;
				DEBUG_INFORMATION_FORMAT = dwarf;
				ENABLE_STRICT_OBJC_MSGSEND = YES;
				ENABLE_TESTABILITY = YES;
				GCC_C_LANGUAGE_STANDARD = gnu11;
				GCC_DYNAMIC_NO_PIC = NO;
				GCC_NO_COMMON_BLOCKS = YES;
				GCC_OPTIMIZATION_LEVEL = 0;
				GCC_PREPROCESSOR_DEFINITIONS = (
					"DEBUG=1",
					"$(inherited)",
				);
				GCC_WARN_64_TO_32_BIT_CONVERSION = YES;
				GCC_WARN_ABOUT_RETURN_TYPE = YES_ERROR;
				GCC_WARN_UNDECLARED_SELECTOR = YES;
				GCC_WARN_UNINITIALIZED_AUTOS = YES_AGGRESSIVE;
				GCC_WARN_UNUSED_FUNCTION = YES;
				GCC_WARN_UNUSED_VARIABLE = YES;
				IPHONEOS_DEPLOYMENT_TARGET = 11.2;
				MTL_ENABLE_DEBUG_INFO = YES;
				ONLY_ACTIVE_ARCH = YES;
				SDKROOT = iphoneos;
				SWIFT_ACTIVE_COMPILATION_CONDITIONS = DEBUG;
				SWIFT_OPTIMIZATION_LEVEL = "-Onone";
			};
			name = Debug;
		};
		C0166EEF2021127000A36A2D /* Release */ = {
			isa = XCBuildConfiguration;
			buildSettings = {
				ALWAYS_SEARCH_USER_PATHS = NO;
				CLANG_ANALYZER_NONNULL = YES;
				CLANG_ANALYZER_NUMBER_OBJECT_CONVERSION = YES_AGGRESSIVE;
				CLANG_CXX_LANGUAGE_STANDARD = "gnu++14";
				CLANG_CXX_LIBRARY = "libc++";
				CLANG_ENABLE_MODULES = YES;
				CLANG_ENABLE_OBJC_ARC = YES;
				CLANG_WARN_BLOCK_CAPTURE_AUTORELEASING = YES;
				CLANG_WARN_BOOL_CONVERSION = YES;
				CLANG_WARN_COMMA = YES;
				CLANG_WARN_CONSTANT_CONVERSION = YES;
				CLANG_WARN_DIRECT_OBJC_ISA_USAGE = YES_ERROR;
				CLANG_WARN_DOCUMENTATION_COMMENTS = YES;
				CLANG_WARN_EMPTY_BODY = YES;
				CLANG_WARN_ENUM_CONVERSION = YES;
				CLANG_WARN_INFINITE_RECURSION = YES;
				CLANG_WARN_INT_CONVERSION = YES;
				CLANG_WARN_NON_LITERAL_NULL_CONVERSION = YES;
				CLANG_WARN_OBJC_LITERAL_CONVERSION = YES;
				CLANG_WARN_OBJC_ROOT_CLASS = YES_ERROR;
				CLANG_WARN_RANGE_LOOP_ANALYSIS = YES;
				CLANG_WARN_STRICT_PROTOTYPES = YES;
				CLANG_WARN_SUSPICIOUS_MOVE = YES;
				CLANG_WARN_UNGUARDED_AVAILABILITY = YES_AGGRESSIVE;
				CLANG_WARN_UNREACHABLE_CODE = YES;
				CLANG_WARN__DUPLICATE_METHOD_MATCH = YES;
				CODE_SIGN_IDENTITY = "iPhone Developer";
				COPY_PHASE_STRIP = NO;
				DEBUG_INFORMATION_FORMAT = "dwarf-with-dsym";
				ENABLE_NS_ASSERTIONS = NO;
				ENABLE_STRICT_OBJC_MSGSEND = YES;
				GCC_C_LANGUAGE_STANDARD = gnu11;
				GCC_NO_COMMON_BLOCKS = YES;
				GCC_WARN_64_TO_32_BIT_CONVERSION = YES;
				GCC_WARN_ABOUT_RETURN_TYPE = YES_ERROR;
				GCC_WARN_UNDECLARED_SELECTOR = YES;
				GCC_WARN_UNINITIALIZED_AUTOS = YES_AGGRESSIVE;
				GCC_WARN_UNUSED_FUNCTION = YES;
				GCC_WARN_UNUSED_VARIABLE = YES;
				IPHONEOS_DEPLOYMENT_TARGET = 11.2;
				MTL_ENABLE_DEBUG_INFO = NO;
				SDKROOT = iphoneos;
				SWIFT_OPTIMIZATION_LEVEL = "-Owholemodule";
				VALIDATE_PRODUCT = YES;
			};
			name = Release;
		};
		C0166EF12021127000A36A2D /* Debug */ = {
			isa = XCBuildConfiguration;
			buildSettings = {
				ASSETCATALOG_COMPILER_APPICON_NAME = AppIcon;
				CODE_SIGN_STYLE = Automatic;
				DEVELOPMENT_TEAM = PKXSYZ3Q9X;
				INFOPLIST_FILE = ServiceLayer/Info.plist;
				LD_RUNPATH_SEARCH_PATHS = "$(inherited) @executable_path/Frameworks";
				PRODUCT_BUNDLE_IDENTIFIER = com.test.ServiceLayer;
				PRODUCT_NAME = "$(TARGET_NAME)";
				SWIFT_VERSION = 4.0;
				TARGETED_DEVICE_FAMILY = "1,2";
			};
			name = Debug;
		};
		C0166EF22021127000A36A2D /* Release */ = {
			isa = XCBuildConfiguration;
			buildSettings = {
				ASSETCATALOG_COMPILER_APPICON_NAME = AppIcon;
				CODE_SIGN_STYLE = Automatic;
				DEVELOPMENT_TEAM = PKXSYZ3Q9X;
				INFOPLIST_FILE = ServiceLayer/Info.plist;
				LD_RUNPATH_SEARCH_PATHS = "$(inherited) @executable_path/Frameworks";
				PRODUCT_BUNDLE_IDENTIFIER = com.test.ServiceLayer;
				PRODUCT_NAME = "$(TARGET_NAME)";
				SWIFT_VERSION = 4.0;
				TARGETED_DEVICE_FAMILY = "1,2";
			};
			name = Release;
		};
/* End XCBuildConfiguration section */

/* Begin XCConfigurationList section */
		C0166ED92021127000A36A2D /* Build configuration list for PBXProject "ServiceLayer" */ = {
			isa = XCConfigurationList;
			buildConfigurations = (
				C0166EEE2021127000A36A2D /* Debug */,
				C0166EEF2021127000A36A2D /* Release */,
			);
			defaultConfigurationIsVisible = 0;
			defaultConfigurationName = Release;
		};
		C0166EF02021127000A36A2D /* Build configuration list for PBXNativeTarget "ServiceLayer" */ = {
			isa = XCConfigurationList;
			buildConfigurations = (
				C0166EF12021127000A36A2D /* Debug */,
				C0166EF22021127000A36A2D /* Release */,
			);
			defaultConfigurationIsVisible = 0;
			defaultConfigurationName = Release;
		};
/* End XCConfigurationList section */
	};
	rootObject = C0166ED62021127000A36A2D /* Project object */;
}
