// !$*UTF8*$!
{
	archiveVersion = 1;
	classes = {
	};
	objectVersion = 48;
	objects = {

/* Begin PBXBuildFile section */
		4E02B09A2040CD4D009BAD96 /* Zoom.storyboard in Resources */ = {isa = PBXBuildFile; fileRef = 4E02B0992040CD4D009BAD96 /* Zoom.storyboard */; };
		4E02B0A02040CECA009BAD96 /* ZoomBaseViewController.swift in Sources */ = {isa = PBXBuildFile; fileRef = 4E02B09F2040CECA009BAD96 /* ZoomBaseViewController.swift */; };
		4E02B0A22040CEF4009BAD96 /* ZoomCollectionViewCell.swift in Sources */ = {isa = PBXBuildFile; fileRef = 4E02B0A12040CEF4009BAD96 /* ZoomCollectionViewCell.swift */; };
		4E02B0A42041A721009BAD96 /* ZoomAnimator.swift in Sources */ = {isa = PBXBuildFile; fileRef = 4E02B0A32041A721009BAD96 /* ZoomAnimator.swift */; };
		4E02B0A62041B262009BAD96 /* ZoomTopViewController.swift in Sources */ = {isa = PBXBuildFile; fileRef = 4E02B0A52041B262009BAD96 /* ZoomTopViewController.swift */; };
		4E851B942037705900E18B0B /* AppDelegate.swift in Sources */ = {isa = PBXBuildFile; fileRef = 4E851B932037705900E18B0B /* AppDelegate.swift */; };
		4E851B962037705900E18B0B /* ViewController.swift in Sources */ = {isa = PBXBuildFile; fileRef = 4E851B952037705900E18B0B /* ViewController.swift */; };
		4E851B992037705900E18B0B /* Main.storyboard in Resources */ = {isa = PBXBuildFile; fileRef = 4E851B972037705900E18B0B /* Main.storyboard */; };
		4E851B9B2037705900E18B0B /* Assets.xcassets in Resources */ = {isa = PBXBuildFile; fileRef = 4E851B9A2037705900E18B0B /* Assets.xcassets */; };
		4E851B9E2037705900E18B0B /* LaunchScreen.storyboard in Resources */ = {isa = PBXBuildFile; fileRef = 4E851B9C2037705900E18B0B /* LaunchScreen.storyboard */; };
		4E851BA72037707D00E18B0B /* DragDismiss.storyboard in Resources */ = {isa = PBXBuildFile; fileRef = 4E851BA62037707D00E18B0B /* DragDismiss.storyboard */; };
		4E851BA9203770E200E18B0B /* DragDismissBottomViewController.swift in Sources */ = {isa = PBXBuildFile; fileRef = 4E851BA8203770E200E18B0B /* DragDismissBottomViewController.swift */; };
		4E851BAB203770EF00E18B0B /* DragDismissTopViewController.swift in Sources */ = {isa = PBXBuildFile; fileRef = 4E851BAA203770EF00E18B0B /* DragDismissTopViewController.swift */; };
		4E851BAD2037713600E18B0B /* DragToDismissAnimator.swift in Sources */ = {isa = PBXBuildFile; fileRef = 4E851BAC2037713600E18B0B /* DragToDismissAnimator.swift */; };
		4E851BAF2037740400E18B0B /* DragDismissInteractor.swift in Sources */ = {isa = PBXBuildFile; fileRef = 4E851BAE2037740400E18B0B /* DragDismissInteractor.swift */; };
/* End PBXBuildFile section */

/* Begin PBXFileReference section */
		4E02B0992040CD4D009BAD96 /* Zoom.storyboard */ = {isa = PBXFileReference; lastKnownFileType = file.storyboard; path = Zoom.storyboard; sourceTree = "<group>"; };
		4E02B09F2040CECA009BAD96 /* ZoomBaseViewController.swift */ = {isa = PBXFileReference; lastKnownFileType = sourcecode.swift; path = ZoomBaseViewController.swift; sourceTree = "<group>"; };
		4E02B0A12040CEF4009BAD96 /* ZoomCollectionViewCell.swift */ = {isa = PBXFileReference; lastKnownFileType = sourcecode.swift; path = ZoomCollectionViewCell.swift; sourceTree = "<group>"; };
		4E02B0A32041A721009BAD96 /* ZoomAnimator.swift */ = {isa = PBXFileReference; lastKnownFileType = sourcecode.swift; path = ZoomAnimator.swift; sourceTree = "<group>"; };
		4E02B0A52041B262009BAD96 /* ZoomTopViewController.swift */ = {isa = PBXFileReference; lastKnownFileType = sourcecode.swift; path = ZoomTopViewController.swift; sourceTree = "<group>"; };
		4E851B902037705900E18B0B /* CustomAnimations.app */ = {isa = PBXFileReference; explicitFileType = wrapper.application; includeInIndex = 0; path = CustomAnimations.app; sourceTree = BUILT_PRODUCTS_DIR; };
		4E851B932037705900E18B0B /* AppDelegate.swift */ = {isa = PBXFileReference; lastKnownFileType = sourcecode.swift; path = AppDelegate.swift; sourceTree = "<group>"; };
		4E851B952037705900E18B0B /* ViewController.swift */ = {isa = PBXFileReference; lastKnownFileType = sourcecode.swift; path = ViewController.swift; sourceTree = "<group>"; };
		4E851B982037705900E18B0B /* Base */ = {isa = PBXFileReference; lastKnownFileType = file.storyboard; name = Base; path = Base.lproj/Main.storyboard; sourceTree = "<group>"; };
		4E851B9A2037705900E18B0B /* Assets.xcassets */ = {isa = PBXFileReference; lastKnownFileType = folder.assetcatalog; path = Assets.xcassets; sourceTree = "<group>"; };
		4E851B9D2037705900E18B0B /* Base */ = {isa = PBXFileReference; lastKnownFileType = file.storyboard; name = Base; path = Base.lproj/LaunchScreen.storyboard; sourceTree = "<group>"; };
		4E851B9F2037705900E18B0B /* Info.plist */ = {isa = PBXFileReference; lastKnownFileType = text.plist.xml; path = Info.plist; sourceTree = "<group>"; };
		4E851BA62037707D00E18B0B /* DragDismiss.storyboard */ = {isa = PBXFileReference; lastKnownFileType = file.storyboard; path = DragDismiss.storyboard; sourceTree = "<group>"; };
		4E851BA8203770E200E18B0B /* DragDismissBottomViewController.swift */ = {isa = PBXFileReference; lastKnownFileType = sourcecode.swift; path = DragDismissBottomViewController.swift; sourceTree = "<group>"; };
		4E851BAA203770EF00E18B0B /* DragDismissTopViewController.swift */ = {isa = PBXFileReference; lastKnownFileType = sourcecode.swift; path = DragDismissTopViewController.swift; sourceTree = "<group>"; };
		4E851BAC2037713600E18B0B /* DragToDismissAnimator.swift */ = {isa = PBXFileReference; lastKnownFileType = sourcecode.swift; path = DragToDismissAnimator.swift; sourceTree = "<group>"; };
		4E851BAE2037740400E18B0B /* DragDismissInteractor.swift */ = {isa = PBXFileReference; lastKnownFileType = sourcecode.swift; path = DragDismissInteractor.swift; sourceTree = "<group>"; };
/* End PBXFileReference section */

/* Begin PBXFrameworksBuildPhase section */
		4E851B8D2037705900E18B0B /* Frameworks */ = {
			isa = PBXFrameworksBuildPhase;
			buildActionMask = 2147483647;
			files = (
			);
			runOnlyForDeploymentPostprocessing = 0;
		};
/* End PBXFrameworksBuildPhase section */

/* Begin PBXGroup section */
		4E02B0982040CD33009BAD96 /* Zoom */ = {
			isa = PBXGroup;
			children = (
				4E02B09B2040CE49009BAD96 /* ViewControllers */,
				4E02B09E2040CE5E009BAD96 /* Animators */,
				4E02B09D2040CE55009BAD96 /* CollectionViewCell */,
				4E02B0992040CD4D009BAD96 /* Zoom.storyboard */,
			);
			path = Zoom;
			sourceTree = "<group>";
		};
		4E02B09B2040CE49009BAD96 /* ViewControllers */ = {
			isa = PBXGroup;
			children = (
				4E02B09F2040CECA009BAD96 /* ZoomBaseViewController.swift */,
				4E02B0A52041B262009BAD96 /* ZoomTopViewController.swift */,
			);
			path = ViewControllers;
			sourceTree = "<group>";
		};
		4E02B09D2040CE55009BAD96 /* CollectionViewCell */ = {
			isa = PBXGroup;
			children = (
				4E02B0A12040CEF4009BAD96 /* ZoomCollectionViewCell.swift */,
			);
			path = CollectionViewCell;
			sourceTree = "<group>";
		};
		4E02B09E2040CE5E009BAD96 /* Animators */ = {
			isa = PBXGroup;
			children = (
				4E02B0A32041A721009BAD96 /* ZoomAnimator.swift */,
			);
			path = Animators;
			sourceTree = "<group>";
		};
		4E851B872037705800E18B0B = {
			isa = PBXGroup;
			children = (
				4E851B922037705900E18B0B /* CustomAnimations */,
				4E851B912037705900E18B0B /* Products */,
			);
			sourceTree = "<group>";
		};
		4E851B912037705900E18B0B /* Products */ = {
			isa = PBXGroup;
			children = (
				4E851B902037705900E18B0B /* CustomAnimations.app */,
			);
			name = Products;
			sourceTree = "<group>";
		};
		4E851B922037705900E18B0B /* CustomAnimations */ = {
			isa = PBXGroup;
			children = (
				4E02B0982040CD33009BAD96 /* Zoom */,
				4E851BA52037705D00E18B0B /* DragToDismiss */,
				4E851B932037705900E18B0B /* AppDelegate.swift */,
				4E851B952037705900E18B0B /* ViewController.swift */,
				4E851B972037705900E18B0B /* Main.storyboard */,
				4E851B9A2037705900E18B0B /* Assets.xcassets */,
				4E851B9C2037705900E18B0B /* LaunchScreen.storyboard */,
				4E851B9F2037705900E18B0B /* Info.plist */,
			);
			path = CustomAnimations;
			sourceTree = "<group>";
		};
		4E851BA52037705D00E18B0B /* DragToDismiss */ = {
			isa = PBXGroup;
			children = (
				4E851BB02037762C00E18B0B /* View Controllers */,
				4E851BB12037763300E18B0B /* Animators */,
				4E851BA62037707D00E18B0B /* DragDismiss.storyboard */,
			);
			path = DragToDismiss;
			sourceTree = "<group>";
		};
		4E851BB02037762C00E18B0B /* View Controllers */ = {
			isa = PBXGroup;
			children = (
				4E851BA8203770E200E18B0B /* DragDismissBottomViewController.swift */,
				4E851BAA203770EF00E18B0B /* DragDismissTopViewController.swift */,
			);
			path = "View Controllers";
			sourceTree = "<group>";
		};
		4E851BB12037763300E18B0B /* Animators */ = {
			isa = PBXGroup;
			children = (
				4E851BB22040CC4F00E18B0B /* Zoom */,
				4E851BAC2037713600E18B0B /* DragToDismissAnimator.swift */,
				4E851BAE2037740400E18B0B /* DragDismissInteractor.swift */,
			);
			path = Animators;
			sourceTree = "<group>";
		};
		4E851BB22040CC4F00E18B0B /* Zoom */ = {
			isa = PBXGroup;
			children = (
			);
			path = Zoom;
			sourceTree = "<group>";
		};
/* End PBXGroup section */

/* Begin PBXNativeTarget section */
		4E851B8F2037705900E18B0B /* CustomAnimations */ = {
			isa = PBXNativeTarget;
			buildConfigurationList = 4E851BA22037705900E18B0B /* Build configuration list for PBXNativeTarget "CustomAnimations" */;
			buildPhases = (
				4E851B8C2037705900E18B0B /* Sources */,
				4E851B8D2037705900E18B0B /* Frameworks */,
				4E851B8E2037705900E18B0B /* Resources */,
			);
			buildRules = (
			);
			dependencies = (
			);
			name = CustomAnimations;
			productName = CustomAnimations;
			productReference = 4E851B902037705900E18B0B /* CustomAnimations.app */;
			productType = "com.apple.product-type.application";
		};
/* End PBXNativeTarget section */

/* Begin PBXProject section */
		4E851B882037705800E18B0B /* Project object */ = {
			isa = PBXProject;
			attributes = {
				LastSwiftUpdateCheck = 0920;
				LastUpgradeCheck = 0920;
				ORGANIZATIONNAME = ThoughtSeize;
				TargetAttributes = {
					4E851B8F2037705900E18B0B = {
						CreatedOnToolsVersion = 9.2;
						ProvisioningStyle = Automatic;
					};
				};
			};
			buildConfigurationList = 4E851B8B2037705800E18B0B /* Build configuration list for PBXProject "CustomAnimations" */;
			compatibilityVersion = "Xcode 8.0";
			developmentRegion = en;
			hasScannedForEncodings = 0;
			knownRegions = (
				en,
				Base,
			);
			mainGroup = 4E851B872037705800E18B0B;
			productRefGroup = 4E851B912037705900E18B0B /* Products */;
			projectDirPath = "";
			projectRoot = "";
			targets = (
				4E851B8F2037705900E18B0B /* CustomAnimations */,
			);
		};
/* End PBXProject section */

/* Begin PBXResourcesBuildPhase section */
		4E851B8E2037705900E18B0B /* Resources */ = {
			isa = PBXResourcesBuildPhase;
			buildActionMask = 2147483647;
			files = (
				4E851B9E2037705900E18B0B /* LaunchScreen.storyboard in Resources */,
				4E02B09A2040CD4D009BAD96 /* Zoom.storyboard in Resources */,
				4E851B9B2037705900E18B0B /* Assets.xcassets in Resources */,
				4E851B992037705900E18B0B /* Main.storyboard in Resources */,
				4E851BA72037707D00E18B0B /* DragDismiss.storyboard in Resources */,
			);
			runOnlyForDeploymentPostprocessing = 0;
		};
/* End PBXResourcesBuildPhase section */

/* Begin PBXSourcesBuildPhase section */
		4E851B8C2037705900E18B0B /* Sources */ = {
			isa = PBXSourcesBuildPhase;
			buildActionMask = 2147483647;
			files = (
				4E02B0A02040CECA009BAD96 /* ZoomBaseViewController.swift in Sources */,
				4E851B962037705900E18B0B /* ViewController.swift in Sources */,
				4E851BAF2037740400E18B0B /* DragDismissInteractor.swift in Sources */,
				4E02B0A62041B262009BAD96 /* ZoomTopViewController.swift in Sources */,
				4E02B0A22040CEF4009BAD96 /* ZoomCollectionViewCell.swift in Sources */,
				4E851BAB203770EF00E18B0B /* DragDismissTopViewController.swift in Sources */,
				4E02B0A42041A721009BAD96 /* ZoomAnimator.swift in Sources */,
				4E851BA9203770E200E18B0B /* DragDismissBottomViewController.swift in Sources */,
				4E851BAD2037713600E18B0B /* DragToDismissAnimator.swift in Sources */,
				4E851B942037705900E18B0B /* AppDelegate.swift in Sources */,
			);
			runOnlyForDeploymentPostprocessing = 0;
		};
/* End PBXSourcesBuildPhase section */

/* Begin PBXVariantGroup section */
		4E851B972037705900E18B0B /* Main.storyboard */ = {
			isa = PBXVariantGroup;
			children = (
				4E851B982037705900E18B0B /* Base */,
			);
			name = Main.storyboard;
			sourceTree = "<group>";
		};
		4E851B9C2037705900E18B0B /* LaunchScreen.storyboard */ = {
			isa = PBXVariantGroup;
			children = (
				4E851B9D2037705900E18B0B /* Base */,
			);
			name = LaunchScreen.storyboard;
			sourceTree = "<group>";
		};
/* End PBXVariantGroup section */

/* Begin XCBuildConfiguration section */
		4E851BA02037705900E18B0B /* Debug */ = {
			isa = XCBuildConfiguration;
			buildSettings = {
				ALWAYS_SEARCH_USER_PATHS = NO;
				CLANG_ANALYZER_NONNULL = YES;
				CLANG_ANALYZER_NUMBER_OBJECT_CONVERSION = YES_AGGRESSIVE;
				CLANG_CXX_LANGUAGE_STANDARD = "gnu++14";
				CLANG_CXX_LIBRARY = "libc++";
				CLANG_ENABLE_MODULES = YES;
				CLANG_ENABLE_OBJC_ARC = YES;
				CLANG_WARN_BLOCK_CAPTURE_AUTORELEASING = YES;
				CLANG_WARN_BOOL_CONVERSION = YES;
				CLANG_WARN_COMMA = YES;
				CLANG_WARN_CONSTANT_CONVERSION = YES;
				CLANG_WARN_DIRECT_OBJC_ISA_USAGE = YES_ERROR;
				CLANG_WARN_DOCUMENTATION_COMMENTS = YES;
				CLANG_WARN_EMPTY_BODY = YES;
				CLANG_WARN_ENUM_CONVERSION = YES;
				CLANG_WARN_INFINITE_RECURSION = YES;
				CLANG_WARN_INT_CONVERSION = YES;
				CLANG_WARN_NON_LITERAL_NULL_CONVERSION = YES;
				CLANG_WARN_OBJC_LITERAL_CONVERSION = YES;
				CLANG_WARN_OBJC_ROOT_CLASS = YES_ERROR;
				CLANG_WARN_RANGE_LOOP_ANALYSIS = YES;
				CLANG_WARN_STRICT_PROTOTYPES = YES;
				CLANG_WARN_SUSPICIOUS_MOVE = YES;
				CLANG_WARN_UNGUARDED_AVAILABILITY = YES_AGGRESSIVE;
				CLANG_WARN_UNREACHABLE_CODE = YES;
				CLANG_WARN__DUPLICATE_METHOD_MATCH = YES;
				CODE_SIGN_IDENTITY = "iPhone Developer";
				COPY_PHASE_STRIP = NO;
				DEBUG_INFORMATION_FORMAT = dwarf;
				ENABLE_STRICT_OBJC_MSGSEND = YES;
				ENABLE_TESTABILITY = YES;
				GCC_C_LANGUAGE_STANDARD = gnu11;
				GCC_DYNAMIC_NO_PIC = NO;
				GCC_NO_COMMON_BLOCKS = YES;
				GCC_OPTIMIZATION_LEVEL = 0;
				GCC_PREPROCESSOR_DEFINITIONS = (
					"DEBUG=1",
					"$(inherited)",
				);
				GCC_WARN_64_TO_32_BIT_CONVERSION = YES;
				GCC_WARN_ABOUT_RETURN_TYPE = YES_ERROR;
				GCC_WARN_UNDECLARED_SELECTOR = YES;
				GCC_WARN_UNINITIALIZED_AUTOS = YES_AGGRESSIVE;
				GCC_WARN_UNUSED_FUNCTION = YES;
				GCC_WARN_UNUSED_VARIABLE = YES;
				IPHONEOS_DEPLOYMENT_TARGET = 11.2;
				MTL_ENABLE_DEBUG_INFO = YES;
				ONLY_ACTIVE_ARCH = YES;
				SDKROOT = iphoneos;
				SWIFT_ACTIVE_COMPILATION_CONDITIONS = DEBUG;
				SWIFT_OPTIMIZATION_LEVEL = "-Onone";
			};
			name = Debug;
		};
		4E851BA12037705900E18B0B /* Release */ = {
			isa = XCBuildConfiguration;
			buildSettings = {
				ALWAYS_SEARCH_USER_PATHS = NO;
				CLANG_ANALYZER_NONNULL = YES;
				CLANG_ANALYZER_NUMBER_OBJECT_CONVERSION = YES_AGGRESSIVE;
				CLANG_CXX_LANGUAGE_STANDARD = "gnu++14";
				CLANG_CXX_LIBRARY = "libc++";
				CLANG_ENABLE_MODULES = YES;
				CLANG_ENABLE_OBJC_ARC = YES;
				CLANG_WARN_BLOCK_CAPTURE_AUTORELEASING = YES;
				CLANG_WARN_BOOL_CONVERSION = YES;
				CLANG_WARN_COMMA = YES;
				CLANG_WARN_CONSTANT_CONVERSION = YES;
				CLANG_WARN_DIRECT_OBJC_ISA_USAGE = YES_ERROR;
				CLANG_WARN_DOCUMENTATION_COMMENTS = YES;
				CLANG_WARN_EMPTY_BODY = YES;
				CLANG_WARN_ENUM_CONVERSION = YES;
				CLANG_WARN_INFINITE_RECURSION = YES;
				CLANG_WARN_INT_CONVERSION = YES;
				CLANG_WARN_NON_LITERAL_NULL_CONVERSION = YES;
				CLANG_WARN_OBJC_LITERAL_CONVERSION = YES;
				CLANG_WARN_OBJC_ROOT_CLASS = YES_ERROR;
				CLANG_WARN_RANGE_LOOP_ANALYSIS = YES;
				CLANG_WARN_STRICT_PROTOTYPES = YES;
				CLANG_WARN_SUSPICIOUS_MOVE = YES;
				CLANG_WARN_UNGUARDED_AVAILABILITY = YES_AGGRESSIVE;
				CLANG_WARN_UNREACHABLE_CODE = YES;
				CLANG_WARN__DUPLICATE_METHOD_MATCH = YES;
				CODE_SIGN_IDENTITY = "iPhone Developer";
				COPY_PHASE_STRIP = NO;
				DEBUG_INFORMATION_FORMAT = "dwarf-with-dsym";
				ENABLE_NS_ASSERTIONS = NO;
				ENABLE_STRICT_OBJC_MSGSEND = YES;
				GCC_C_LANGUAGE_STANDARD = gnu11;
				GCC_NO_COMMON_BLOCKS = YES;
				GCC_WARN_64_TO_32_BIT_CONVERSION = YES;
				GCC_WARN_ABOUT_RETURN_TYPE = YES_ERROR;
				GCC_WARN_UNDECLARED_SELECTOR = YES;
				GCC_WARN_UNINITIALIZED_AUTOS = YES_AGGRESSIVE;
				GCC_WARN_UNUSED_FUNCTION = YES;
				GCC_WARN_UNUSED_VARIABLE = YES;
				IPHONEOS_DEPLOYMENT_TARGET = 11.2;
				MTL_ENABLE_DEBUG_INFO = NO;
				SDKROOT = iphoneos;
				SWIFT_OPTIMIZATION_LEVEL = "-Owholemodule";
				VALIDATE_PRODUCT = YES;
			};
			name = Release;
		};
		4E851BA32037705900E18B0B /* Debug */ = {
			isa = XCBuildConfiguration;
			buildSettings = {
				ASSETCATALOG_COMPILER_APPICON_NAME = AppIcon;
				CODE_SIGN_STYLE = Automatic;
				DEVELOPMENT_TEAM = VZBY3CL334;
				INFOPLIST_FILE = CustomAnimations/Info.plist;
				LD_RUNPATH_SEARCH_PATHS = "$(inherited) @executable_path/Frameworks";
				PRODUCT_BUNDLE_IDENTIFIER = com.thoughtseize.CustomAnimations;
				PRODUCT_NAME = "$(TARGET_NAME)";
				SWIFT_VERSION = 4.0;
				TARGETED_DEVICE_FAMILY = "1,2";
			};
			name = Debug;
		};
		4E851BA42037705900E18B0B /* Release */ = {
			isa = XCBuildConfiguration;
			buildSettings = {
				ASSETCATALOG_COMPILER_APPICON_NAME = AppIcon;
				CODE_SIGN_STYLE = Automatic;
				DEVELOPMENT_TEAM = VZBY3CL334;
				INFOPLIST_FILE = CustomAnimations/Info.plist;
				LD_RUNPATH_SEARCH_PATHS = "$(inherited) @executable_path/Frameworks";
				PRODUCT_BUNDLE_IDENTIFIER = com.thoughtseize.CustomAnimations;
				PRODUCT_NAME = "$(TARGET_NAME)";
				SWIFT_VERSION = 4.0;
				TARGETED_DEVICE_FAMILY = "1,2";
			};
			name = Release;
		};
/* End XCBuildConfiguration section */

/* Begin XCConfigurationList section */
		4E851B8B2037705800E18B0B /* Build configuration list for PBXProject "CustomAnimations" */ = {
			isa = XCConfigurationList;
			buildConfigurations = (
				4E851BA02037705900E18B0B /* Debug */,
				4E851BA12037705900E18B0B /* Release */,
			);
			defaultConfigurationIsVisible = 0;
			defaultConfigurationName = Release;
		};
		4E851BA22037705900E18B0B /* Build configuration list for PBXNativeTarget "CustomAnimations" */ = {
			isa = XCConfigurationList;
			buildConfigurations = (
				4E851BA32037705900E18B0B /* Debug */,
				4E851BA42037705900E18B0B /* Release */,
			);
			defaultConfigurationIsVisible = 0;
			defaultConfigurationName = Release;
		};
/* End XCConfigurationList section */
	};
	rootObject = 4E851B882037705800E18B0B /* Project object */;
}
