// !$*UTF8*$!
{
	archiveVersion = 1;
	classes = {
	};
	objectVersion = 48;
	objects = {

/* Begin PBXBuildFile section */
		4E69723920003CCE00DAE431 /* HomeViewController.swift in Sources */ = {isa = PBXBuildFile; fileRef = 4E69723820003CCE00DAE431 /* HomeViewController.swift */; };
		4E69723E20003D5500DAE431 /* FirebaseDemo.storyboard in Resources */ = {isa = PBXBuildFile; fileRef = 4E69723D20003D5500DAE431 /* FirebaseDemo.storyboard */; };
		4E69724020003D6B00DAE431 /* FirebaseLoginViewController.swift in Sources */ = {isa = PBXBuildFile; fileRef = 4E69723F20003D6B00DAE431 /* FirebaseLoginViewController.swift */; };
		4E69724220010E0D00DAE431 /* FirebaseTabBarController.swift in Sources */ = {isa = PBXBuildFile; fileRef = 4E69724120010E0D00DAE431 /* FirebaseTabBarController.swift */; };
		4E69724420010F0500DAE431 /* FirebaseProductListViewController.swift in Sources */ = {isa = PBXBuildFile; fileRef = 4E69724320010F0500DAE431 /* FirebaseProductListViewController.swift */; };
		4E6972482001141500DAE431 /* FirebaseItem.swift in Sources */ = {isa = PBXBuildFile; fileRef = 4E6972472001141500DAE431 /* FirebaseItem.swift */; };
		4EA983001FFD07570019E25D /* AppDelegate.swift in Sources */ = {isa = PBXBuildFile; fileRef = 4EA982FF1FFD07570019E25D /* AppDelegate.swift */; };
		4EA983051FFD07570019E25D /* Main.storyboard in Resources */ = {isa = PBXBuildFile; fileRef = 4EA983031FFD07570019E25D /* Main.storyboard */; };
		4EA983071FFD07570019E25D /* Assets.xcassets in Resources */ = {isa = PBXBuildFile; fileRef = 4EA983061FFD07570019E25D /* Assets.xcassets */; };
		4EA9830A1FFD07570019E25D /* LaunchScreen.storyboard in Resources */ = {isa = PBXBuildFile; fileRef = 4EA983081FFD07570019E25D /* LaunchScreen.storyboard */; };
		4EA983131FFD08630019E25D /* GoogleService-Info.plist in Resources */ = {isa = PBXBuildFile; fileRef = 4EA983121FFD08630019E25D /* GoogleService-Info.plist */; };
		4EEFD295200116F1009ED14B /* FirebaseConsumableModel.swift in Sources */ = {isa = PBXBuildFile; fileRef = 4EEFD294200116F1009ED14B /* FirebaseConsumableModel.swift */; };
		4EEFD29820011794009ED14B /* ServiceManager.swift in Sources */ = {isa = PBXBuildFile; fileRef = 4EEFD29720011794009ED14B /* ServiceManager.swift */; };
		4EEFD29A200117E8009ED14B /* Router.swift in Sources */ = {isa = PBXBuildFile; fileRef = 4EEFD299200117E8009ED14B /* Router.swift */; };
		7034EFC388FD2C68AA83F277 /* Pods_ProtoPlayground.framework in Frameworks */ = {isa = PBXBuildFile; fileRef = E7097656680F8FD6C049776F /* Pods_ProtoPlayground.framework */; };
/* End PBXBuildFile section */

/* Begin PBXFileReference section */
		4B71D7DBC5D9FACE92FC4242 /* Pods-ProtoPlayground.debug.xcconfig */ = {isa = PBXFileReference; includeInIndex = 1; lastKnownFileType = text.xcconfig; name = "Pods-ProtoPlayground.debug.xcconfig"; path = "Pods/Target Support Files/Pods-ProtoPlayground/Pods-ProtoPlayground.debug.xcconfig"; sourceTree = "<group>"; };
		4E69723820003CCE00DAE431 /* HomeViewController.swift */ = {isa = PBXFileReference; lastKnownFileType = sourcecode.swift; path = HomeViewController.swift; sourceTree = "<group>"; };
		4E69723D20003D5500DAE431 /* FirebaseDemo.storyboard */ = {isa = PBXFileReference; lastKnownFileType = file.storyboard; path = FirebaseDemo.storyboard; sourceTree = "<group>"; };
		4E69723F20003D6B00DAE431 /* FirebaseLoginViewController.swift */ = {isa = PBXFileReference; lastKnownFileType = sourcecode.swift; path = FirebaseLoginViewController.swift; sourceTree = "<group>"; };
		4E69724120010E0D00DAE431 /* FirebaseTabBarController.swift */ = {isa = PBXFileReference; lastKnownFileType = sourcecode.swift; path = FirebaseTabBarController.swift; sourceTree = "<group>"; };
		4E69724320010F0500DAE431 /* FirebaseProductListViewController.swift */ = {isa = PBXFileReference; lastKnownFileType = sourcecode.swift; path = FirebaseProductListViewController.swift; sourceTree = "<group>"; };
		4E6972472001141500DAE431 /* FirebaseItem.swift */ = {isa = PBXFileReference; lastKnownFileType = sourcecode.swift; path = FirebaseItem.swift; sourceTree = "<group>"; };
		4EA982FC1FFD07570019E25D /* ProtoPlayground.app */ = {isa = PBXFileReference; explicitFileType = wrapper.application; includeInIndex = 0; path = ProtoPlayground.app; sourceTree = BUILT_PRODUCTS_DIR; };
		4EA982FF1FFD07570019E25D /* AppDelegate.swift */ = {isa = PBXFileReference; lastKnownFileType = sourcecode.swift; path = AppDelegate.swift; sourceTree = "<group>"; };
		4EA983041FFD07570019E25D /* Base */ = {isa = PBXFileReference; lastKnownFileType = file.storyboard; name = Base; path = Base.lproj/Main.storyboard; sourceTree = "<group>"; };
		4EA983061FFD07570019E25D /* Assets.xcassets */ = {isa = PBXFileReference; lastKnownFileType = folder.assetcatalog; path = Assets.xcassets; sourceTree = "<group>"; };
		4EA983091FFD07570019E25D /* Base */ = {isa = PBXFileReference; lastKnownFileType = file.storyboard; name = Base; path = Base.lproj/LaunchScreen.storyboard; sourceTree = "<group>"; };
		4EA9830B1FFD07570019E25D /* Info.plist */ = {isa = PBXFileReference; lastKnownFileType = text.plist.xml; path = Info.plist; sourceTree = "<group>"; };
		4EA983121FFD08630019E25D /* GoogleService-Info.plist */ = {isa = PBXFileReference; fileEncoding = 4; lastKnownFileType = text.plist.xml; path = "GoogleService-Info.plist"; sourceTree = "<group>"; };
		4EEFD294200116F1009ED14B /* FirebaseConsumableModel.swift */ = {isa = PBXFileReference; lastKnownFileType = sourcecode.swift; path = FirebaseConsumableModel.swift; sourceTree = "<group>"; };
		4EEFD29720011794009ED14B /* ServiceManager.swift */ = {isa = PBXFileReference; lastKnownFileType = sourcecode.swift; path = ServiceManager.swift; sourceTree = "<group>"; };
		4EEFD299200117E8009ED14B /* Router.swift */ = {isa = PBXFileReference; lastKnownFileType = sourcecode.swift; path = Router.swift; sourceTree = "<group>"; };
		6D8627C9942BA97F63FC762A /* Pods-ProtoPlayground.release.xcconfig */ = {isa = PBXFileReference; includeInIndex = 1; lastKnownFileType = text.xcconfig; name = "Pods-ProtoPlayground.release.xcconfig"; path = "Pods/Target Support Files/Pods-ProtoPlayground/Pods-ProtoPlayground.release.xcconfig"; sourceTree = "<group>"; };
		E7097656680F8FD6C049776F /* Pods_ProtoPlayground.framework */ = {isa = PBXFileReference; explicitFileType = wrapper.framework; includeInIndex = 0; path = Pods_ProtoPlayground.framework; sourceTree = BUILT_PRODUCTS_DIR; };
/* End PBXFileReference section */

/* Begin PBXFrameworksBuildPhase section */
		4EA982F91FFD07570019E25D /* Frameworks */ = {
			isa = PBXFrameworksBuildPhase;
			buildActionMask = 2147483647;
			files = (
				7034EFC388FD2C68AA83F277 /* Pods_ProtoPlayground.framework in Frameworks */,
			);
			runOnlyForDeploymentPostprocessing = 0;
		};
/* End PBXFrameworksBuildPhase section */

/* Begin PBXGroup section */
		4E69723720003CC300DAE431 /* Home */ = {
			isa = PBXGroup;
			children = (
				4E69723820003CCE00DAE431 /* HomeViewController.swift */,
			);
			name = Home;
			sourceTree = "<group>";
		};
		4E69723C20003D3F00DAE431 /* FirebaseDemo */ = {
			isa = PBXGroup;
			children = (
				4E69723D20003D5500DAE431 /* FirebaseDemo.storyboard */,
				4EEFD2962001177E009ED14B /* ServiceManager */,
				4E6972492001141C00DAE431 /* DataModel */,
				4E6972462001138700DAE431 /* TabBar */,
				4E6972452001138100DAE431 /* Login */,
			);
			name = FirebaseDemo;
			sourceTree = "<group>";
		};
		4E6972452001138100DAE431 /* Login */ = {
			isa = PBXGroup;
			children = (
				4E69723F20003D6B00DAE431 /* FirebaseLoginViewController.swift */,
			);
			name = Login;
			sourceTree = "<group>";
		};
		4E6972462001138700DAE431 /* TabBar */ = {
			isa = PBXGroup;
			children = (
				4E69724120010E0D00DAE431 /* FirebaseTabBarController.swift */,
				4E69724320010F0500DAE431 /* FirebaseProductListViewController.swift */,
			);
			name = TabBar;
			sourceTree = "<group>";
		};
		4E6972492001141C00DAE431 /* DataModel */ = {
			isa = PBXGroup;
			children = (
				4EEFD293200116D7009ED14B /* Protocols */,
				4E6972472001141500DAE431 /* FirebaseItem.swift */,
			);
			name = DataModel;
			sourceTree = "<group>";
		};
		4EA982F31FFD07570019E25D = {
			isa = PBXGroup;
			children = (
				4EA982FE1FFD07570019E25D /* ProtoPlayground */,
				4EA982FD1FFD07570019E25D /* Products */,
				8FF2DAFC8C67B05421E881E0 /* Pods */,
				BF17663712FBCD1DC9830A9C /* Frameworks */,
			);
			sourceTree = "<group>";
		};
		4EA982FD1FFD07570019E25D /* Products */ = {
			isa = PBXGroup;
			children = (
				4EA982FC1FFD07570019E25D /* ProtoPlayground.app */,
			);
			name = Products;
			sourceTree = "<group>";
		};
		4EA982FE1FFD07570019E25D /* ProtoPlayground */ = {
			isa = PBXGroup;
			children = (
				4E69723C20003D3F00DAE431 /* FirebaseDemo */,
				4EA983031FFD07570019E25D /* Main.storyboard */,
				4E69723720003CC300DAE431 /* Home */,
				4EA983111FFD07710019E25D /* SupportingFiles */,
				4EA983061FFD07570019E25D /* Assets.xcassets */,
			);
			path = ProtoPlayground;
			sourceTree = "<group>";
		};
		4EA983111FFD07710019E25D /* SupportingFiles */ = {
			isa = PBXGroup;
			children = (
				4EA983121FFD08630019E25D /* GoogleService-Info.plist */,
				4EA982FF1FFD07570019E25D /* AppDelegate.swift */,
				4EA983081FFD07570019E25D /* LaunchScreen.storyboard */,
				4EA9830B1FFD07570019E25D /* Info.plist */,
			);
			name = SupportingFiles;
			sourceTree = "<group>";
		};
		4EEFD293200116D7009ED14B /* Protocols */ = {
			isa = PBXGroup;
			children = (
				4EEFD294200116F1009ED14B /* FirebaseConsumableModel.swift */,
			);
			name = Protocols;
			sourceTree = "<group>";
		};
		4EEFD2962001177E009ED14B /* ServiceManager */ = {
			isa = PBXGroup;
			children = (
				4EEFD29720011794009ED14B /* ServiceManager.swift */,
				4EEFD299200117E8009ED14B /* Router.swift */,
			);
			name = ServiceManager;
			sourceTree = "<group>";
		};
		8FF2DAFC8C67B05421E881E0 /* Pods */ = {
			isa = PBXGroup;
			children = (
				4B71D7DBC5D9FACE92FC4242 /* Pods-ProtoPlayground.debug.xcconfig */,
				6D8627C9942BA97F63FC762A /* Pods-ProtoPlayground.release.xcconfig */,
			);
			name = Pods;
			sourceTree = "<group>";
		};
		BF17663712FBCD1DC9830A9C /* Frameworks */ = {
			isa = PBXGroup;
			children = (
				E7097656680F8FD6C049776F /* Pods_ProtoPlayground.framework */,
			);
			name = Frameworks;
			sourceTree = "<group>";
		};
/* End PBXGroup section */

/* Begin PBXNativeTarget section */
		4EA982FB1FFD07570019E25D /* ProtoPlayground */ = {
			isa = PBXNativeTarget;
			buildConfigurationList = 4EA9830E1FFD07570019E25D /* Build configuration list for PBXNativeTarget "ProtoPlayground" */;
			buildPhases = (
				AB7E2B6406890E5FAB8B490D /* [CP] Check Pods Manifest.lock */,
				4EA982F81FFD07570019E25D /* Sources */,
				4EA982F91FFD07570019E25D /* Frameworks */,
				4EA982FA1FFD07570019E25D /* Resources */,
				BA91B1734D750C5EF6438B4F /* [CP] Embed Pods Frameworks */,
				58634FCF9D97929DCE8B0F3A /* [CP] Copy Pods Resources */,
			);
			buildRules = (
			);
			dependencies = (
			);
			name = ProtoPlayground;
			productName = ProtoPlayground;
			productReference = 4EA982FC1FFD07570019E25D /* ProtoPlayground.app */;
			productType = "com.apple.product-type.application";
		};
/* End PBXNativeTarget section */

/* Begin PBXProject section */
		4EA982F41FFD07570019E25D /* Project object */ = {
			isa = PBXProject;
			attributes = {
				LastSwiftUpdateCheck = 0910;
				LastUpgradeCheck = 0910;
				ORGANIZATIONNAME = ThoughtSeize;
				TargetAttributes = {
					4EA982FB1FFD07570019E25D = {
						CreatedOnToolsVersion = 9.1;
						ProvisioningStyle = Automatic;
					};
				};
			};
			buildConfigurationList = 4EA982F71FFD07570019E25D /* Build configuration list for PBXProject "ProtoPlayground" */;
			compatibilityVersion = "Xcode 8.0";
			developmentRegion = en;
			hasScannedForEncodings = 0;
			knownRegions = (
				en,
				Base,
			);
			mainGroup = 4EA982F31FFD07570019E25D;
			productRefGroup = 4EA982FD1FFD07570019E25D /* Products */;
			projectDirPath = "";
			projectRoot = "";
			targets = (
				4EA982FB1FFD07570019E25D /* ProtoPlayground */,
			);
		};
/* End PBXProject section */

/* Begin PBXResourcesBuildPhase section */
		4EA982FA1FFD07570019E25D /* Resources */ = {
			isa = PBXResourcesBuildPhase;
			buildActionMask = 2147483647;
			files = (
				4EA9830A1FFD07570019E25D /* LaunchScreen.storyboard in Resources */,
				4EA983131FFD08630019E25D /* GoogleService-Info.plist in Resources */,
				4E69723E20003D5500DAE431 /* FirebaseDemo.storyboard in Resources */,
				4EA983071FFD07570019E25D /* Assets.xcassets in Resources */,
				4EA983051FFD07570019E25D /* Main.storyboard in Resources */,
			);
			runOnlyForDeploymentPostprocessing = 0;
		};
/* End PBXResourcesBuildPhase section */

/* Begin PBXShellScriptBuildPhase section */
		58634FCF9D97929DCE8B0F3A /* [CP] Copy Pods Resources */ = {
			isa = PBXShellScriptBuildPhase;
			buildActionMask = 2147483647;
			files = (
			);
			inputPaths = (
			);
			name = "[CP] Copy Pods Resources";
			outputPaths = (
			);
			runOnlyForDeploymentPostprocessing = 0;
			shellPath = /bin/sh;
			shellScript = "\"${SRCROOT}/Pods/Target Support Files/Pods-ProtoPlayground/Pods-ProtoPlayground-resources.sh\"\n";
			showEnvVarsInLog = 0;
		};
		AB7E2B6406890E5FAB8B490D /* [CP] Check Pods Manifest.lock */ = {
			isa = PBXShellScriptBuildPhase;
			buildActionMask = 2147483647;
			files = (
			);
			inputPaths = (
				"${PODS_PODFILE_DIR_PATH}/Podfile.lock",
				"${PODS_ROOT}/Manifest.lock",
			);
			name = "[CP] Check Pods Manifest.lock";
			outputPaths = (
				"$(DERIVED_FILE_DIR)/Pods-ProtoPlayground-checkManifestLockResult.txt",
			);
			runOnlyForDeploymentPostprocessing = 0;
			shellPath = /bin/sh;
			shellScript = "diff \"${PODS_PODFILE_DIR_PATH}/Podfile.lock\" \"${PODS_ROOT}/Manifest.lock\" > /dev/null\nif [ $? != 0 ] ; then\n    # print error to STDERR\n    echo \"error: The sandbox is not in sync with the Podfile.lock. Run 'pod install' or update your CocoaPods installation.\" >&2\n    exit 1\nfi\n# This output is used by Xcode 'outputs' to avoid re-running this script phase.\necho \"SUCCESS\" > \"${SCRIPT_OUTPUT_FILE_0}\"\n";
			showEnvVarsInLog = 0;
		};
		BA91B1734D750C5EF6438B4F /* [CP] Embed Pods Frameworks */ = {
			isa = PBXShellScriptBuildPhase;
			buildActionMask = 2147483647;
			files = (
			);
			inputPaths = (
				"${SRCROOT}/Pods/Target Support Files/Pods-ProtoPlayground/Pods-ProtoPlayground-frameworks.sh",
				"${BUILT_PRODUCTS_DIR}/GTMSessionFetcher/GTMSessionFetcher.framework",
				"${BUILT_PRODUCTS_DIR}/GoogleToolboxForMac/GoogleToolboxForMac.framework",
				"${BUILT_PRODUCTS_DIR}/leveldb-library/leveldb.framework",
				"${BUILT_PRODUCTS_DIR}/nanopb/nanopb.framework",
			);
			name = "[CP] Embed Pods Frameworks";
			outputPaths = (
				"${TARGET_BUILD_DIR}/${FRAMEWORKS_FOLDER_PATH}/GTMSessionFetcher.framework",
				"${TARGET_BUILD_DIR}/${FRAMEWORKS_FOLDER_PATH}/GoogleToolboxForMac.framework",
				"${TARGET_BUILD_DIR}/${FRAMEWORKS_FOLDER_PATH}/leveldb.framework",
				"${TARGET_BUILD_DIR}/${FRAMEWORKS_FOLDER_PATH}/nanopb.framework",
			);
			runOnlyForDeploymentPostprocessing = 0;
			shellPath = /bin/sh;
			shellScript = "\"${SRCROOT}/Pods/Target Support Files/Pods-ProtoPlayground/Pods-ProtoPlayground-frameworks.sh\"\n";
			showEnvVarsInLog = 0;
		};
/* End PBXShellScriptBuildPhase section */

/* Begin PBXSourcesBuildPhase section */
		4EA982F81FFD07570019E25D /* Sources */ = {
			isa = PBXSourcesBuildPhase;
			buildActionMask = 2147483647;
			files = (
				4E69724020003D6B00DAE431 /* FirebaseLoginViewController.swift in Sources */,
				4EA983001FFD07570019E25D /* AppDelegate.swift in Sources */,
				4E69724220010E0D00DAE431 /* FirebaseTabBarController.swift in Sources */,
				4EEFD29820011794009ED14B /* ServiceManager.swift in Sources */,
				4EEFD29A200117E8009ED14B /* Router.swift in Sources */,
				4E6972482001141500DAE431 /* FirebaseItem.swift in Sources */,
				4E69724420010F0500DAE431 /* FirebaseProductListViewController.swift in Sources */,
				4EEFD295200116F1009ED14B /* FirebaseConsumableModel.swift in Sources */,
				4E69723920003CCE00DAE431 /* HomeViewController.swift in Sources */,
			);
			runOnlyForDeploymentPostprocessing = 0;
		};
/* End PBXSourcesBuildPhase section */

/* Begin PBXVariantGroup section */
		4EA983031FFD07570019E25D /* Main.storyboard */ = {
			isa = PBXVariantGroup;
			children = (
				4EA983041FFD07570019E25D /* Base */,
			);
			name = Main.storyboard;
			sourceTree = "<group>";
		};
		4EA983081FFD07570019E25D /* LaunchScreen.storyboard */ = {
			isa = PBXVariantGroup;
			children = (
				4EA983091FFD07570019E25D /* Base */,
			);
			name = LaunchScreen.storyboard;
			sourceTree = "<group>";
		};
/* End PBXVariantGroup section */

/* Begin XCBuildConfiguration section */
		4EA9830C1FFD07570019E25D /* Debug */ = {
			isa = XCBuildConfiguration;
			buildSettings = {
				ALWAYS_SEARCH_USER_PATHS = NO;
				CLANG_ANALYZER_NONNULL = YES;
				CLANG_ANALYZER_NUMBER_OBJECT_CONVERSION = YES_AGGRESSIVE;
				CLANG_CXX_LANGUAGE_STANDARD = "gnu++14";
				CLANG_CXX_LIBRARY = "libc++";
				CLANG_ENABLE_MODULES = YES;
				CLANG_ENABLE_OBJC_ARC = YES;
				CLANG_WARN_BLOCK_CAPTURE_AUTORELEASING = YES;
				CLANG_WARN_BOOL_CONVERSION = YES;
				CLANG_WARN_COMMA = YES;
				CLANG_WARN_CONSTANT_CONVERSION = YES;
				CLANG_WARN_DIRECT_OBJC_ISA_USAGE = YES_ERROR;
				CLANG_WARN_DOCUMENTATION_COMMENTS = YES;
				CLANG_WARN_EMPTY_BODY = YES;
				CLANG_WARN_ENUM_CONVERSION = YES;
				CLANG_WARN_INFINITE_RECURSION = YES;
				CLANG_WARN_INT_CONVERSION = YES;
				CLANG_WARN_NON_LITERAL_NULL_CONVERSION = YES;
				CLANG_WARN_OBJC_LITERAL_CONVERSION = YES;
				CLANG_WARN_OBJC_ROOT_CLASS = YES_ERROR;
				CLANG_WARN_RANGE_LOOP_ANALYSIS = YES;
				CLANG_WARN_STRICT_PROTOTYPES = YES;
				CLANG_WARN_SUSPICIOUS_MOVE = YES;
				CLANG_WARN_UNGUARDED_AVAILABILITY = YES_AGGRESSIVE;
				CLANG_WARN_UNREACHABLE_CODE = YES;
				CLANG_WARN__DUPLICATE_METHOD_MATCH = YES;
				CODE_SIGN_IDENTITY = "iPhone Developer";
				COPY_PHASE_STRIP = NO;
				DEBUG_INFORMATION_FORMAT = dwarf;
				ENABLE_STRICT_OBJC_MSGSEND = YES;
				ENABLE_TESTABILITY = YES;
				GCC_C_LANGUAGE_STANDARD = gnu11;
				GCC_DYNAMIC_NO_PIC = NO;
				GCC_NO_COMMON_BLOCKS = YES;
				GCC_OPTIMIZATION_LEVEL = 0;
				GCC_PREPROCESSOR_DEFINITIONS = (
					"DEBUG=1",
					"$(inherited)",
				);
				GCC_WARN_64_TO_32_BIT_CONVERSION = YES;
				GCC_WARN_ABOUT_RETURN_TYPE = YES_ERROR;
				GCC_WARN_UNDECLARED_SELECTOR = YES;
				GCC_WARN_UNINITIALIZED_AUTOS = YES_AGGRESSIVE;
				GCC_WARN_UNUSED_FUNCTION = YES;
				GCC_WARN_UNUSED_VARIABLE = YES;
				IPHONEOS_DEPLOYMENT_TARGET = 11.1;
				MTL_ENABLE_DEBUG_INFO = YES;
				ONLY_ACTIVE_ARCH = YES;
				SDKROOT = iphoneos;
				SWIFT_ACTIVE_COMPILATION_CONDITIONS = DEBUG;
				SWIFT_OPTIMIZATION_LEVEL = "-Onone";
			};
			name = Debug;
		};
		4EA9830D1FFD07570019E25D /* Release */ = {
			isa = XCBuildConfiguration;
			buildSettings = {
				ALWAYS_SEARCH_USER_PATHS = NO;
				CLANG_ANALYZER_NONNULL = YES;
				CLANG_ANALYZER_NUMBER_OBJECT_CONVERSION = YES_AGGRESSIVE;
				CLANG_CXX_LANGUAGE_STANDARD = "gnu++14";
				CLANG_CXX_LIBRARY = "libc++";
				CLANG_ENABLE_MODULES = YES;
				CLANG_ENABLE_OBJC_ARC = YES;
				CLANG_WARN_BLOCK_CAPTURE_AUTORELEASING = YES;
				CLANG_WARN_BOOL_CONVERSION = YES;
				CLANG_WARN_COMMA = YES;
				CLANG_WARN_CONSTANT_CONVERSION = YES;
				CLANG_WARN_DIRECT_OBJC_ISA_USAGE = YES_ERROR;
				CLANG_WARN_DOCUMENTATION_COMMENTS = YES;
				CLANG_WARN_EMPTY_BODY = YES;
				CLANG_WARN_ENUM_CONVERSION = YES;
				CLANG_WARN_INFINITE_RECURSION = YES;
				CLANG_WARN_INT_CONVERSION = YES;
				CLANG_WARN_NON_LITERAL_NULL_CONVERSION = YES;
				CLANG_WARN_OBJC_LITERAL_CONVERSION = YES;
				CLANG_WARN_OBJC_ROOT_CLASS = YES_ERROR;
				CLANG_WARN_RANGE_LOOP_ANALYSIS = YES;
				CLANG_WARN_STRICT_PROTOTYPES = YES;
				CLANG_WARN_SUSPICIOUS_MOVE = YES;
				CLANG_WARN_UNGUARDED_AVAILABILITY = YES_AGGRESSIVE;
				CLANG_WARN_UNREACHABLE_CODE = YES;
				CLANG_WARN__DUPLICATE_METHOD_MATCH = YES;
				CODE_SIGN_IDENTITY = "iPhone Developer";
				COPY_PHASE_STRIP = NO;
				DEBUG_INFORMATION_FORMAT = "dwarf-with-dsym";
				ENABLE_NS_ASSERTIONS = NO;
				ENABLE_STRICT_OBJC_MSGSEND = YES;
				GCC_C_LANGUAGE_STANDARD = gnu11;
				GCC_NO_COMMON_BLOCKS = YES;
				GCC_WARN_64_TO_32_BIT_CONVERSION = YES;
				GCC_WARN_ABOUT_RETURN_TYPE = YES_ERROR;
				GCC_WARN_UNDECLARED_SELECTOR = YES;
				GCC_WARN_UNINITIALIZED_AUTOS = YES_AGGRESSIVE;
				GCC_WARN_UNUSED_FUNCTION = YES;
				GCC_WARN_UNUSED_VARIABLE = YES;
				IPHONEOS_DEPLOYMENT_TARGET = 11.1;
				MTL_ENABLE_DEBUG_INFO = NO;
				SDKROOT = iphoneos;
				SWIFT_OPTIMIZATION_LEVEL = "-Owholemodule";
				VALIDATE_PRODUCT = YES;
			};
			name = Release;
		};
		4EA9830F1FFD07570019E25D /* Debug */ = {
			isa = XCBuildConfiguration;
			baseConfigurationReference = 4B71D7DBC5D9FACE92FC4242 /* Pods-ProtoPlayground.debug.xcconfig */;
			buildSettings = {
				ASSETCATALOG_COMPILER_APPICON_NAME = AppIcon;
				CODE_SIGN_STYLE = Automatic;
				DEVELOPMENT_TEAM = VZBY3CL334;
				INFOPLIST_FILE = ProtoPlayground/Info.plist;
				LD_RUNPATH_SEARCH_PATHS = "$(inherited) @executable_path/Frameworks";
				PRODUCT_BUNDLE_IDENTIFIER = com.thoughtseize.ProtoPlayground;
				PRODUCT_NAME = "$(TARGET_NAME)";
				SWIFT_VERSION = 4.0;
				TARGETED_DEVICE_FAMILY = "1,2";
			};
			name = Debug;
		};
		4EA983101FFD07570019E25D /* Release */ = {
			isa = XCBuildConfiguration;
			baseConfigurationReference = 6D8627C9942BA97F63FC762A /* Pods-ProtoPlayground.release.xcconfig */;
			buildSettings = {
				ASSETCATALOG_COMPILER_APPICON_NAME = AppIcon;
				CODE_SIGN_STYLE = Automatic;
				DEVELOPMENT_TEAM = VZBY3CL334;
				INFOPLIST_FILE = ProtoPlayground/Info.plist;
				LD_RUNPATH_SEARCH_PATHS = "$(inherited) @executable_path/Frameworks";
				PRODUCT_BUNDLE_IDENTIFIER = com.thoughtseize.ProtoPlayground;
				PRODUCT_NAME = "$(TARGET_NAME)";
				SWIFT_VERSION = 4.0;
				TARGETED_DEVICE_FAMILY = "1,2";
			};
			name = Release;
		};
/* End XCBuildConfiguration section */

/* Begin XCConfigurationList section */
		4EA982F71FFD07570019E25D /* Build configuration list for PBXProject "ProtoPlayground" */ = {
			isa = XCConfigurationList;
			buildConfigurations = (
				4EA9830C1FFD07570019E25D /* Debug */,
				4EA9830D1FFD07570019E25D /* Release */,
			);
			defaultConfigurationIsVisible = 0;
			defaultConfigurationName = Release;
		};
		4EA9830E1FFD07570019E25D /* Build configuration list for PBXNativeTarget "ProtoPlayground" */ = {
			isa = XCConfigurationList;
			buildConfigurations = (
				4EA9830F1FFD07570019E25D /* Debug */,
				4EA983101FFD07570019E25D /* Release */,
			);
			defaultConfigurationIsVisible = 0;
			defaultConfigurationName = Release;
		};
/* End XCConfigurationList section */
	};
	rootObject = 4EA982F41FFD07570019E25D /* Project object */;
}
